
Microsoft Visual Studio Solution File, Format Version 12.00
# Visual Studio Version 17
VisualStudioVersion = 17.14.36414.22
MinimumVisualStudioVersion = 10.0.40219.1
Project("{FAE04EC0-301F-11D3-BF4B-00C04F79EFBC}") = "SimulationEngine.Domain", "SimulationEngine.Domain\SimulationEngine.Domain.csproj", "{34CF52A2-F7B3-4C43-AF90-336A09E173BE}"
EndProject
Project("{FAE04EC0-301F-11D3-BF4B-00C04F79EFBC}") = "SimulationEngine.Infrastructure", "SimulationEngine.Infrastructure\SimulationEngine.Infrastructure.csproj", "{CEBAD4CA-2A79-4556-93E6-61AE181454D3}"
EndProject
Project("{FAE04EC0-301F-11D3-BF4B-00C04F79EFBC}") = "SimulationEngine.Cli", "SimulationEngine.Cli\SimulationEngine.Cli.csproj", "{0EDF5B71-9102-408B-A582-92B9045D9945}"
EndProject
Project("{FAE04EC0-301F-11D3-BF4B-00C04F79EFBC}") = "SimulationEngine.Application", "SimulationEngine.Application\SimulationEngine.Application.csproj", "{4BCA07EC-6C74-449D-BEB8-C89DA699D0BD}"
EndProject
Project("{FAE04EC0-301F-11D3-BF4B-00C04F79EFBC}") = "SimulationEngine.Designs", "SimulationEngine.Designs\SimulationEngine.Designs.csproj", "{29F3D123-4F27-410C-AA7D-C1B8B024EB24}"
EndProject
Project("{FAE04EC0-301F-11D3-BF4B-00C04F79EFBC}") = "SimulationEngine.Simulator", "SimulationEngine.Simulator\SimulationEngine.Simulator.csproj", "{0385ECEC-15C0-47E5-B1B0-37574A70C8CA}"
EndProject
Project("{FAE04EC0-301F-11D3-BF4B-00C04F79EFBC}") = "SimulationEngine.Tests", "SimulationEngine.Tests\SimulationEngine.Tests.csproj", "{A86D73CD-1F56-45D4-A789-8203FB73E3D8}"
EndProject
Global
	GlobalSection(SolutionConfigurationPlatforms) = preSolution
		Debug|Any CPU = Debug|Any CPU
		Release|Any CPU = Release|Any CPU
	EndGlobalSection
	GlobalSection(ProjectConfigurationPlatforms) = postSolution
		{34CF52A2-F7B3-4C43-AF90-336A09E173BE}.Debug|Any CPU.ActiveCfg = Debug|Any CPU
		{34CF52A2-F7B3-4C43-AF90-336A09E173BE}.Debug|Any CPU.Build.0 = Debug|Any CPU
		{34CF52A2-F7B3-4C43-AF90-336A09E173BE}.Release|Any CPU.ActiveCfg = Release|Any CPU
		{34CF52A2-F7B3-4C43-AF90-336A09E173BE}.Release|Any CPU.Build.0 = Release|Any CPU
		{CEBAD4CA-2A79-4556-93E6-61AE181454D3}.Debug|Any CPU.ActiveCfg = Debug|Any CPU
		{CEBAD4CA-2A79-4556-93E6-61AE181454D3}.Debug|Any CPU.Build.0 = Debug|Any CPU
		{CEBAD4CA-2A79-4556-93E6-61AE181454D3}.Release|Any CPU.ActiveCfg = Release|Any CPU
		{CEBAD4CA-2A79-4556-93E6-61AE181454D3}.Release|Any CPU.Build.0 = Release|Any CPU
		{0EDF5B71-9102-408B-A582-92B9045D9945}.Debug|Any CPU.ActiveCfg = Debug|Any CPU
		{0EDF5B71-9102-408B-A582-92B9045D9945}.Debug|Any CPU.Build.0 = Debug|Any CPU
		{0EDF5B71-9102-408B-A582-92B9045D9945}.Release|Any CPU.ActiveCfg = Release|Any CPU
		{0EDF5B71-9102-408B-A582-92B9045D9945}.Release|Any CPU.Build.0 = Release|Any CPU
		{4BCA07EC-6C74-449D-BEB8-C89DA699D0BD}.Debug|Any CPU.ActiveCfg = Debug|Any CPU
		{4BCA07EC-6C74-449D-BEB8-C89DA699D0BD}.Debug|Any CPU.Build.0 = Debug|Any CPU
		{4BCA07EC-6C74-449D-BEB8-C89DA699D0BD}.Release|Any CPU.ActiveCfg = Release|Any CPU
		{4BCA07EC-6C74-449D-BEB8-C89DA699D0BD}.Release|Any CPU.Build.0 = Release|Any CPU
		{29F3D123-4F27-410C-AA7D-C1B8B024EB24}.Debug|Any CPU.ActiveCfg = Debug|Any CPU
		{29F3D123-4F27-410C-AA7D-C1B8B024EB24}.Debug|Any CPU.Build.0 = Debug|Any CPU
		{29F3D123-4F27-410C-AA7D-C1B8B024EB24}.Release|Any CPU.ActiveCfg = Release|Any CPU
		{29F3D123-4F27-410C-AA7D-C1B8B024EB24}.Release|Any CPU.Build.0 = Release|Any CPU
		{0385ECEC-15C0-47E5-B1B0-37574A70C8CA}.Debug|Any CPU.ActiveCfg = Debug|Any CPU
		{0385ECEC-15C0-47E5-B1B0-37574A70C8CA}.Debug|Any CPU.Build.0 = Debug|Any CPU
		{0385ECEC-15C0-47E5-B1B0-37574A70C8CA}.Release|Any CPU.ActiveCfg = Release|Any CPU
		{0385ECEC-15C0-47E5-B1B0-37574A70C8CA}.Release|Any CPU.Build.0 = Release|Any CPU
		{A86D73CD-1F56-45D4-A789-8203FB73E3D8}.Debug|Any CPU.ActiveCfg = Debug|Any CPU
		{A86D73CD-1F56-45D4-A789-8203FB73E3D8}.Debug|Any CPU.Build.0 = Debug|Any CPU
		{A86D73CD-1F56-45D4-A789-8203FB73E3D8}.Release|Any CPU.ActiveCfg = Release|Any CPU
		{A86D73CD-1F56-45D4-A789-8203FB73E3D8}.Release|Any CPU.Build.0 = Release|Any CPU
	EndGlobalSection
	GlobalSection(SolutionProperties) = preSolution
		HideSolutionNode = FALSE
	EndGlobalSection
	GlobalSection(ExtensibilityGlobals) = postSolution
		SolutionGuid = {36B318EC-E100-4EB3-BBD7-C74C956BC60C}
	EndGlobalSection
EndGlobal
